
Microsoft Visual Studio Solution File, Format Version 12.00
# Visual Studio Version 17
VisualStudioVersion = 17.0.31912.275
MinimumVisualStudioVersion = 10.0.40219.1
Project("{FAE04EC0-301F-11D3-BF4B-00C04F79EFBC}") = "chess", "chess\chess.csproj", "{D131D641-2711-43D6-95B5-33B91E628232}"
EndProject
Global
	GlobalSection(SolutionConfigurationPlatforms) = preSolution
		Debug|Any CPU = Debug|Any CPU
		Release|Any CPU = Release|Any CPU
	EndGlobalSection
	GlobalSection(ProjectConfigurationPlatforms) = postSolution
		{D131D641-2711-43D6-95B5-33B91E628232}.Debug|Any CPU.ActiveCfg = Debug|Any CPU
		{D131D641-2711-43D6-95B5-33B91E628232}.Debug|Any CPU.Build.0 = Debug|Any CPU
		{D131D641-2711-43D6-95B5-33B91E628232}.Release|Any CPU.ActiveCfg = Release|Any CPU
		{D131D641-2711-43D6-95B5-33B91E628232}.Release|Any CPU.Build.0 = Release|Any CPU
	EndGlobalSection
	GlobalSection(SolutionProperties) = preSolution
		HideSolutionNode = FALSE
	EndGlobalSection
	GlobalSection(ExtensibilityGlobals) = postSolution
		SolutionGuid = {ADEAA257-96B2-498D-B04C-00DE59649C4A}
	EndGlobalSection
EndGlobal
